
Microsoft Visual Studio Solution File, Format Version 12.00
# Visual Studio Version 18
VisualStudioVersion = 18.2.11415.280 d18.0
MinimumVisualStudioVersion = 10.0.40219.1
Project("{FAE04EC0-301F-11D3-BF4B-00C04F79EFBC}") = "CargoVector", "CargoVector.csproj", "{6C723D2F-B6D4-728E-C297-42ED1C6DFA98}"
EndProject
Global
	GlobalSection(SolutionConfigurationPlatforms) = preSolution
		Debug|x64 = Debug|x64
		Release|x64 = Release|x64
	EndGlobalSection
	GlobalSection(ProjectConfigurationPlatforms) = postSolution
		{6C723D2F-B6D4-728E-C297-42ED1C6DFA98}.Debug|x64.ActiveCfg = Debug|x64
		{6C723D2F-B6D4-728E-C297-42ED1C6DFA98}.Debug|x64.Build.0 = Debug|x64
		{6C723D2F-B6D4-728E-C297-42ED1C6DFA98}.Release|x64.ActiveCfg = Release|x64
		{6C723D2F-B6D4-728E-C297-42ED1C6DFA98}.Release|x64.Build.0 = Release|x64
	EndGlobalSection
	GlobalSection(SolutionProperties) = preSolution
		HideSolutionNode = FALSE
	EndGlobalSection
	GlobalSection(ExtensibilityGlobals) = postSolution
		SolutionGuid = {EE7F9302-3A7A-4371-B57F-E8377051FA03}
	EndGlobalSection
EndGlobal
